// !$*UTF8*$!
{
	archiveVersion = 1;
	classes = {
	};
	objectVersion = 56;
	objects = {

/* Begin PBXBuildFile section */
		1422168C2BED7699000AB5CD /* ResetBiometricData.storyboard in Resources */ = {isa = PBXBuildFile; fileRef = 1422168B2BED7699000AB5CD /* ResetBiometricData.storyboard */; };
		1422168E2BED76A7000AB5CD /* ResetBiometricDataViewController.swift in Sources */ = {isa = PBXBuildFile; fileRef = 1422168D2BED76A7000AB5CD /* ResetBiometricDataViewController.swift */; };
		1436CCBE2CC7EA50006C3D2C /* UIFancyButton.swift in Sources */ = {isa = PBXBuildFile; fileRef = 1436CCBD2CC7EA50006C3D2C /* UIFancyButton.swift */; };
		1436CCC92CC98FD8006C3D2C /* FingerprintEnrollmentTutorial.storyboard in Resources */ = {isa = PBXBuildFile; fileRef = 1436CCC82CC98FD8006C3D2C /* FingerprintEnrollmentTutorial.storyboard */; };
		1436CCCB2CC98FE8006C3D2C /* FingerprintEnrollmentTutorialViewController.swift in Sources */ = {isa = PBXBuildFile; fileRef = 1436CCCA2CC98FE8006C3D2C /* FingerprintEnrollmentTutorialViewController.swift */; };
		1436CCCD2CC9918A006C3D2C /* Final_SentryCard.json in Resources */ = {isa = PBXBuildFile; fileRef = 1436CCCC2CC9918A006C3D2C /* Final_SentryCard.json */; };
		1436CCE62CD29E0C006C3D2C /* CheckmarkAnimation.json in Resources */ = {isa = PBXBuildFile; fileRef = 1436CCE52CD29E0C006C3D2C /* CheckmarkAnimation.json */; };
		1436CCE82CD2ADA6006C3D2C /* ding.wav in Resources */ = {isa = PBXBuildFile; fileRef = 1436CCE72CD2ADA6006C3D2C /* ding.wav */; };
		144A0C822C25CC7B00A4E7AA /* Options.storyboard in Resources */ = {isa = PBXBuildFile; fileRef = 144A0C812C25CC7B00A4E7AA /* Options.storyboard */; };
		144A0C842C25CE3F00A4E7AA /* OptionsViewController.swift in Sources */ = {isa = PBXBuildFile; fileRef = 144A0C832C25CE3F00A4E7AA /* OptionsViewController.swift */; };
		144A0C862C25D1A500A4E7AA /* VersionInformation.storyboard in Resources */ = {isa = PBXBuildFile; fileRef = 144A0C852C25D1A500A4E7AA /* VersionInformation.storyboard */; };
		144A0C882C25F66F00A4E7AA /* VersionInformationViewController.swift in Sources */ = {isa = PBXBuildFile; fileRef = 144A0C872C25F66F00A4E7AA /* VersionInformationViewController.swift */; };
		144A0C8B2C29E29A00A4E7AA /* SentrySDK in Frameworks */ = {isa = PBXBuildFile; productRef = 144A0C8A2C29E29A00A4E7AA /* SentrySDK */; };
		1469CFDF2CA47766008B57AC /* Localizable.strings in Resources */ = {isa = PBXBuildFile; fileRef = 1469CFDD2CA47766008B57AC /* Localizable.strings */; };
		1469CFE72CA47AE1008B57AC /* GetCardStatus.storyboard in Resources */ = {isa = PBXBuildFile; fileRef = 1469CFE62CA47AE1008B57AC /* GetCardStatus.storyboard */; };
		1469CFE92CA47AFC008B57AC /* LaunchScreen.storyboard in Resources */ = {isa = PBXBuildFile; fileRef = 1469CFE82CA47AFC008B57AC /* LaunchScreen.storyboard */; };
		1469CFED2CA47BB7008B57AC /* String+Additions.swift in Sources */ = {isa = PBXBuildFile; fileRef = 1469CFEC2CA47BB7008B57AC /* String+Additions.swift */; };
		14902F2D2BDFF2CD007A26B9 /* AppDelegate.swift in Sources */ = {isa = PBXBuildFile; fileRef = 14902F2C2BDFF2CD007A26B9 /* AppDelegate.swift */; };
		14902F2F2BDFF2CD007A26B9 /* SceneDelegate.swift in Sources */ = {isa = PBXBuildFile; fileRef = 14902F2E2BDFF2CD007A26B9 /* SceneDelegate.swift */; };
		14902F312BDFF2CD007A26B9 /* GetCardStatusViewController.swift in Sources */ = {isa = PBXBuildFile; fileRef = 14902F302BDFF2CD007A26B9 /* GetCardStatusViewController.swift */; };
		14902F362BDFF2CF007A26B9 /* Assets.xcassets in Resources */ = {isa = PBXBuildFile; fileRef = 14902F352BDFF2CF007A26B9 /* Assets.xcassets */; };
		14902F462BDFF79C007A26B9 /* Lottie in Frameworks */ = {isa = PBXBuildFile; productRef = 14902F452BDFF79C007A26B9 /* Lottie */; };
		14902F622BE3D008007A26B9 /* NFCReaderError+LocalizedError.swift in Sources */ = {isa = PBXBuildFile; fileRef = 14902F612BE3D008007A26B9 /* NFCReaderError+LocalizedError.swift */; };
		14902F642BE3DE90007A26B9 /* FingerprintEnrollment.storyboard in Resources */ = {isa = PBXBuildFile; fileRef = 14902F632BE3DE90007A26B9 /* FingerprintEnrollment.storyboard */; };
		14902F662BE3DEA2007A26B9 /* FingerprintVerification.storyboard in Resources */ = {isa = PBXBuildFile; fileRef = 14902F652BE3DEA2007A26B9 /* FingerprintVerification.storyboard */; };
		14902F682BE3DEC3007A26B9 /* FingerprintEnrollmentViewController.swift in Sources */ = {isa = PBXBuildFile; fileRef = 14902F672BE3DEC3007A26B9 /* FingerprintEnrollmentViewController.swift */; };
		14902F6A2BE3DED2007A26B9 /* FingerprintVerificationViewController.swift in Sources */ = {isa = PBXBuildFile; fileRef = 14902F692BE3DED2007A26B9 /* FingerprintVerificationViewController.swift */; };
		14902F722BE3E853007A26B9 /* attach_card.json in Resources */ = {isa = PBXBuildFile; fileRef = 14902F702BE3E853007A26B9 /* attach_card.json */; };
		14902F732BE3E853007A26B9 /* fingerprint.json in Resources */ = {isa = PBXBuildFile; fileRef = 14902F712BE3E853007A26B9 /* fingerprint.json */; };
		14B73D612BEAC3C800AE9CA7 /* BiometricsSDKError+LocalizedDescription.swift in Sources */ = {isa = PBXBuildFile; fileRef = 14B73D602BEAC3C800AE9CA7 /* BiometricsSDKError+LocalizedDescription.swift */; };
		14E228AA2C6BB1FC00B9D842 /* finger_position.json in Resources */ = {isa = PBXBuildFile; fileRef = 14E228A92C6BB1FC00B9D842 /* finger_position.json */; };
		14E7740F2BE579040046D1E5 /* AppSettings.swift in Sources */ = {isa = PBXBuildFile; fileRef = 14E7740E2BE579040046D1E5 /* AppSettings.swift */; };
		14E774112BE579C70046D1E5 /* Settings.bundle in Resources */ = {isa = PBXBuildFile; fileRef = 14E774102BE579C70046D1E5 /* Settings.bundle */; };
/* End PBXBuildFile section */

/* Begin PBXCopyFilesBuildPhase section */
		143E4B2C2C7CE659005A9EEC /* Embed App Clips */ = {
			isa = PBXCopyFilesBuildPhase;
			buildActionMask = 2147483647;
			dstPath = "$(CONTENTS_FOLDER_PATH)/AppClips";
			dstSubfolderSpec = 16;
			files = (
			);
			name = "Embed App Clips";
			runOnlyForDeploymentPostprocessing = 0;
		};
/* End PBXCopyFilesBuildPhase section */

/* Begin PBXFileReference section */
		1422168B2BED7699000AB5CD /* ResetBiometricData.storyboard */ = {isa = PBXFileReference; lastKnownFileType = file.storyboard; path = ResetBiometricData.storyboard; sourceTree = "<group>"; };
		1422168D2BED76A7000AB5CD /* ResetBiometricDataViewController.swift */ = {isa = PBXFileReference; lastKnownFileType = sourcecode.swift; path = ResetBiometricDataViewController.swift; sourceTree = "<group>"; };
		1436CCBD2CC7EA50006C3D2C /* UIFancyButton.swift */ = {isa = PBXFileReference; lastKnownFileType = sourcecode.swift; path = UIFancyButton.swift; sourceTree = "<group>"; };
		1436CCC82CC98FD8006C3D2C /* FingerprintEnrollmentTutorial.storyboard */ = {isa = PBXFileReference; lastKnownFileType = file.storyboard; path = FingerprintEnrollmentTutorial.storyboard; sourceTree = "<group>"; };
		1436CCCA2CC98FE8006C3D2C /* FingerprintEnrollmentTutorialViewController.swift */ = {isa = PBXFileReference; lastKnownFileType = sourcecode.swift; path = FingerprintEnrollmentTutorialViewController.swift; sourceTree = "<group>"; };
		1436CCCC2CC9918A006C3D2C /* Final_SentryCard.json */ = {isa = PBXFileReference; lastKnownFileType = text.json; path = Final_SentryCard.json; sourceTree = "<group>"; };
		1436CCE52CD29E0C006C3D2C /* CheckmarkAnimation.json */ = {isa = PBXFileReference; lastKnownFileType = text.json; path = CheckmarkAnimation.json; sourceTree = "<group>"; };
		1436CCE72CD2ADA6006C3D2C /* ding.wav */ = {isa = PBXFileReference; lastKnownFileType = audio.wav; path = ding.wav; sourceTree = "<group>"; };
		144A0C812C25CC7B00A4E7AA /* Options.storyboard */ = {isa = PBXFileReference; lastKnownFileType = file.storyboard; path = Options.storyboard; sourceTree = "<group>"; };
		144A0C832C25CE3F00A4E7AA /* OptionsViewController.swift */ = {isa = PBXFileReference; lastKnownFileType = sourcecode.swift; path = OptionsViewController.swift; sourceTree = "<group>"; };
		144A0C852C25D1A500A4E7AA /* VersionInformation.storyboard */ = {isa = PBXFileReference; lastKnownFileType = file.storyboard; path = VersionInformation.storyboard; sourceTree = "<group>"; };
		144A0C872C25F66F00A4E7AA /* VersionInformationViewController.swift */ = {isa = PBXFileReference; lastKnownFileType = sourcecode.swift; path = VersionInformationViewController.swift; sourceTree = "<group>"; };
		1469CFDE2CA47766008B57AC /* en */ = {isa = PBXFileReference; lastKnownFileType = text.plist.strings; name = en; path = en.lproj/Localizable.strings; sourceTree = "<group>"; };
		1469CFE52CA477C7008B57AC /* es */ = {isa = PBXFileReference; lastKnownFileType = text.plist.strings; name = es; path = es.lproj/Localizable.strings; sourceTree = "<group>"; };
		1469CFE62CA47AE1008B57AC /* GetCardStatus.storyboard */ = {isa = PBXFileReference; lastKnownFileType = file.storyboard; path = GetCardStatus.storyboard; sourceTree = "<group>"; };
		1469CFE82CA47AFC008B57AC /* LaunchScreen.storyboard */ = {isa = PBXFileReference; lastKnownFileType = file.storyboard; path = LaunchScreen.storyboard; sourceTree = "<group>"; };
		1469CFEC2CA47BB7008B57AC /* String+Additions.swift */ = {isa = PBXFileReference; lastKnownFileType = sourcecode.swift; path = "String+Additions.swift"; sourceTree = "<group>"; };
		14902F292BDFF2CD007A26B9 /* SentryCardEnroll.app */ = {isa = PBXFileReference; explicitFileType = wrapper.application; includeInIndex = 0; path = SentryCardEnroll.app; sourceTree = BUILT_PRODUCTS_DIR; };
		14902F2C2BDFF2CD007A26B9 /* AppDelegate.swift */ = {isa = PBXFileReference; lastKnownFileType = sourcecode.swift; path = AppDelegate.swift; sourceTree = "<group>"; };
		14902F2E2BDFF2CD007A26B9 /* SceneDelegate.swift */ = {isa = PBXFileReference; lastKnownFileType = sourcecode.swift; path = SceneDelegate.swift; sourceTree = "<group>"; };
		14902F302BDFF2CD007A26B9 /* GetCardStatusViewController.swift */ = {isa = PBXFileReference; lastKnownFileType = sourcecode.swift; path = GetCardStatusViewController.swift; sourceTree = "<group>"; };
		14902F352BDFF2CF007A26B9 /* Assets.xcassets */ = {isa = PBXFileReference; lastKnownFileType = folder.assetcatalog; path = Assets.xcassets; sourceTree = "<group>"; };
		14902F3A2BDFF2CF007A26B9 /* Info.plist */ = {isa = PBXFileReference; lastKnownFileType = text.plist.xml; path = Info.plist; sourceTree = "<group>"; };
		14902F402BDFF3FB007A26B9 /* SentryBiometricEnrollAndVerify.entitlements */ = {isa = PBXFileReference; lastKnownFileType = text.plist.entitlements; path = SentryBiometricEnrollAndVerify.entitlements; sourceTree = "<group>"; };
		14902F612BE3D008007A26B9 /* NFCReaderError+LocalizedError.swift */ = {isa = PBXFileReference; lastKnownFileType = sourcecode.swift; path = "NFCReaderError+LocalizedError.swift"; sourceTree = "<group>"; };
		14902F632BE3DE90007A26B9 /* FingerprintEnrollment.storyboard */ = {isa = PBXFileReference; lastKnownFileType = file.storyboard; path = FingerprintEnrollment.storyboard; sourceTree = "<group>"; };
		14902F652BE3DEA2007A26B9 /* FingerprintVerification.storyboard */ = {isa = PBXFileReference; lastKnownFileType = file.storyboard; path = FingerprintVerification.storyboard; sourceTree = "<group>"; };
		14902F672BE3DEC3007A26B9 /* FingerprintEnrollmentViewController.swift */ = {isa = PBXFileReference; lastKnownFileType = sourcecode.swift; path = FingerprintEnrollmentViewController.swift; sourceTree = "<group>"; };
		14902F692BE3DED2007A26B9 /* FingerprintVerificationViewController.swift */ = {isa = PBXFileReference; lastKnownFileType = sourcecode.swift; path = FingerprintVerificationViewController.swift; sourceTree = "<group>"; };
		14902F702BE3E853007A26B9 /* attach_card.json */ = {isa = PBXFileReference; fileEncoding = 4; lastKnownFileType = text.json; path = attach_card.json; sourceTree = "<group>"; };
		14902F712BE3E853007A26B9 /* fingerprint.json */ = {isa = PBXFileReference; fileEncoding = 4; lastKnownFileType = text.json; path = fingerprint.json; sourceTree = "<group>"; };
		14B73D602BEAC3C800AE9CA7 /* BiometricsSDKError+LocalizedDescription.swift */ = {isa = PBXFileReference; lastKnownFileType = sourcecode.swift; path = "BiometricsSDKError+LocalizedDescription.swift"; sourceTree = "<group>"; };
		14B73D652BEBDC3500AE9CA7 /* LICENSE */ = {isa = PBXFileReference; lastKnownFileType = text; name = LICENSE; path = ../LICENSE; sourceTree = "<group>"; };
		14B73D662BEBDC3500AE9CA7 /* README.md */ = {isa = PBXFileReference; lastKnownFileType = net.daringfireball.markdown; name = README.md; path = ../README.md; sourceTree = "<group>"; };
		14E228A92C6BB1FC00B9D842 /* finger_position.json */ = {isa = PBXFileReference; fileEncoding = 4; lastKnownFileType = text.json; path = finger_position.json; sourceTree = "<group>"; };
		14E7740C2BE54C6E0046D1E5 /* installEnroll.jcsh */ = {isa = PBXFileReference; fileEncoding = 4; lastKnownFileType = text; path = installEnroll.jcsh; sourceTree = "<group>"; };
		14E7740E2BE579040046D1E5 /* AppSettings.swift */ = {isa = PBXFileReference; lastKnownFileType = sourcecode.swift; path = AppSettings.swift; sourceTree = "<group>"; };
		14E774102BE579C70046D1E5 /* Settings.bundle */ = {isa = PBXFileReference; lastKnownFileType = "wrapper.plug-in"; path = Settings.bundle; sourceTree = "<group>"; };
/* End PBXFileReference section */

/* Begin PBXFrameworksBuildPhase section */
		14902F262BDFF2CD007A26B9 /* Frameworks */ = {
			isa = PBXFrameworksBuildPhase;
			buildActionMask = 2147483647;
			files = (
				144A0C8B2C29E29A00A4E7AA /* SentrySDK in Frameworks */,
				14902F462BDFF79C007A26B9 /* Lottie in Frameworks */,
			);
			runOnlyForDeploymentPostprocessing = 0;
		};
/* End PBXFrameworksBuildPhase section */

/* Begin PBXGroup section */
		1436CCBA2CC7E9DB006C3D2C /* CustomControls */ = {
			isa = PBXGroup;
			children = (
				1436CCBD2CC7EA50006C3D2C /* UIFancyButton.swift */,
			);
			path = CustomControls;
			sourceTree = "<group>";
		};
		14902F202BDFF2CD007A26B9 = {
			isa = PBXGroup;
			children = (
				14B73D652BEBDC3500AE9CA7 /* LICENSE */,
				14B73D662BEBDC3500AE9CA7 /* README.md */,
				14E774092BE549760046D1E5 /* Scripts */,
				14902F2B2BDFF2CD007A26B9 /* SentryBiometricEnrollAndVerify */,
				14902F2A2BDFF2CD007A26B9 /* Products */,
				14902F512BE01676007A26B9 /* Frameworks */,
			);
			sourceTree = "<group>";
		};
		14902F2A2BDFF2CD007A26B9 /* Products */ = {
			isa = PBXGroup;
			children = (
				14902F292BDFF2CD007A26B9 /* SentryCardEnroll.app */,
			);
			name = Products;
			sourceTree = "<group>";
		};
		14902F2B2BDFF2CD007A26B9 /* SentryBiometricEnrollAndVerify */ = {
			isa = PBXGroup;
			children = (
				1436CCBA2CC7E9DB006C3D2C /* CustomControls */,
				14902F4D2BE00291007A26B9 /* Helpers */,
				14902F432BDFF70E007A26B9 /* Screens */,
				14902F422BDFF46D007A26B9 /* Resources */,
				14902F412BDFF44A007A26B9 /* App */,
			);
			path = SentryBiometricEnrollAndVerify;
			sourceTree = "<group>";
		};
		14902F412BDFF44A007A26B9 /* App */ = {
			isa = PBXGroup;
			children = (
				14902F402BDFF3FB007A26B9 /* SentryBiometricEnrollAndVerify.entitlements */,
				14902F2C2BDFF2CD007A26B9 /* AppDelegate.swift */,
				14902F2E2BDFF2CD007A26B9 /* SceneDelegate.swift */,
				1469CFE82CA47AFC008B57AC /* LaunchScreen.storyboard */,
				14902F3A2BDFF2CF007A26B9 /* Info.plist */,
				14E774102BE579C70046D1E5 /* Settings.bundle */,
			);
			path = App;
			sourceTree = "<group>";
		};
		14902F422BDFF46D007A26B9 /* Resources */ = {
			isa = PBXGroup;
			children = (
				14902F6F2BE3E816007A26B9 /* Lottie Animations */,
				14902F352BDFF2CF007A26B9 /* Assets.xcassets */,
				1469CFDD2CA47766008B57AC /* Localizable.strings */,
				1436CCE72CD2ADA6006C3D2C /* ding.wav */,
			);
			path = Resources;
			sourceTree = "<group>";
		};
		14902F432BDFF70E007A26B9 /* Screens */ = {
			isa = PBXGroup;
			children = (
				1469CFE62CA47AE1008B57AC /* GetCardStatus.storyboard */,
				14902F302BDFF2CD007A26B9 /* GetCardStatusViewController.swift */,
				14902F632BE3DE90007A26B9 /* FingerprintEnrollment.storyboard */,
				14902F672BE3DEC3007A26B9 /* FingerprintEnrollmentViewController.swift */,
				14902F652BE3DEA2007A26B9 /* FingerprintVerification.storyboard */,
				14902F692BE3DED2007A26B9 /* FingerprintVerificationViewController.swift */,
				1422168B2BED7699000AB5CD /* ResetBiometricData.storyboard */,
				1422168D2BED76A7000AB5CD /* ResetBiometricDataViewController.swift */,
				144A0C812C25CC7B00A4E7AA /* Options.storyboard */,
				144A0C832C25CE3F00A4E7AA /* OptionsViewController.swift */,
				144A0C852C25D1A500A4E7AA /* VersionInformation.storyboard */,
				144A0C872C25F66F00A4E7AA /* VersionInformationViewController.swift */,
				1436CCC82CC98FD8006C3D2C /* FingerprintEnrollmentTutorial.storyboard */,
				1436CCCA2CC98FE8006C3D2C /* FingerprintEnrollmentTutorialViewController.swift */,
			);
			path = Screens;
			sourceTree = "<group>";
		};
		14902F4D2BE00291007A26B9 /* Helpers */ = {
			isa = PBXGroup;
			children = (
				14E7740E2BE579040046D1E5 /* AppSettings.swift */,
				14902F612BE3D008007A26B9 /* NFCReaderError+LocalizedError.swift */,
				14B73D602BEAC3C800AE9CA7 /* BiometricsSDKError+LocalizedDescription.swift */,
				1469CFEC2CA47BB7008B57AC /* String+Additions.swift */,
			);
			path = Helpers;
			sourceTree = "<group>";
		};
		14902F512BE01676007A26B9 /* Frameworks */ = {
			isa = PBXGroup;
			children = (
			);
			name = Frameworks;
			sourceTree = "<group>";
		};
		14902F6F2BE3E816007A26B9 /* Lottie Animations */ = {
			isa = PBXGroup;
			children = (
				14E228A92C6BB1FC00B9D842 /* finger_position.json */,
				14902F702BE3E853007A26B9 /* attach_card.json */,
				14902F712BE3E853007A26B9 /* fingerprint.json */,
				1436CCCC2CC9918A006C3D2C /* Final_SentryCard.json */,
				1436CCE52CD29E0C006C3D2C /* CheckmarkAnimation.json */,
			);
			path = "Lottie Animations";
			sourceTree = "<group>";
		};
		14E774092BE549760046D1E5 /* Scripts */ = {
			isa = PBXGroup;
			children = (
				14E7740C2BE54C6E0046D1E5 /* installEnroll.jcsh */,
			);
			path = Scripts;
			sourceTree = "<group>";
		};
/* End PBXGroup section */

/* Begin PBXNativeTarget section */
		14902F282BDFF2CD007A26B9 /* SentryCardEnroll */ = {
			isa = PBXNativeTarget;
			buildConfigurationList = 14902F3D2BDFF2CF007A26B9 /* Build configuration list for PBXNativeTarget "SentryCardEnroll" */;
			buildPhases = (
				14902F252BDFF2CD007A26B9 /* Sources */,
				14902F262BDFF2CD007A26B9 /* Frameworks */,
				14902F272BDFF2CD007A26B9 /* Resources */,
				143E4B2C2C7CE659005A9EEC /* Embed App Clips */,
			);
			buildRules = (
			);
			dependencies = (
			);
			name = SentryCardEnroll;
			packageProductDependencies = (
				14902F452BDFF79C007A26B9 /* Lottie */,
				144A0C8A2C29E29A00A4E7AA /* SentrySDK */,
			);
			productName = SentryBiometricEnrollAndVerify;
			productReference = 14902F292BDFF2CD007A26B9 /* SentryCardEnroll.app */;
			productType = "com.apple.product-type.application";
		};
/* End PBXNativeTarget section */

/* Begin PBXProject section */
		14902F212BDFF2CD007A26B9 /* Project object */ = {
			isa = PBXProject;
			attributes = {
				BuildIndependentTargetsInParallel = 1;
				LastSwiftUpdateCheck = 1540;
				LastUpgradeCheck = 1600;
				TargetAttributes = {
					14902F282BDFF2CD007A26B9 = {
						CreatedOnToolsVersion = 15.2;
					};
				};
			};
			buildConfigurationList = 14902F242BDFF2CD007A26B9 /* Build configuration list for PBXProject "SentryBiometricEnrollAndVerify" */;
			compatibilityVersion = "Xcode 14.0";
			developmentRegion = en;
			hasScannedForEncodings = 0;
			knownRegions = (
				en,
				Base,
				es,
			);
			mainGroup = 14902F202BDFF2CD007A26B9;
			packageReferences = (
				14902F442BDFF79C007A26B9 /* XCRemoteSwiftPackageReference "lottie-spm" */,
				144A0C892C29E29A00A4E7AA /* XCRemoteSwiftPackageReference "sentry-sdk-biometrics-ios" */,
			);
			productRefGroup = 14902F2A2BDFF2CD007A26B9 /* Products */;
			projectDirPath = "";
			projectRoot = "";
			targets = (
				14902F282BDFF2CD007A26B9 /* SentryCardEnroll */,
			);
		};
/* End PBXProject section */

/* Begin PBXResourcesBuildPhase section */
		14902F272BDFF2CD007A26B9 /* Resources */ = {
			isa = PBXResourcesBuildPhase;
			buildActionMask = 2147483647;
			files = (
				14902F662BE3DEA2007A26B9 /* FingerprintVerification.storyboard in Resources */,
				144A0C822C25CC7B00A4E7AA /* Options.storyboard in Resources */,
				1469CFE92CA47AFC008B57AC /* LaunchScreen.storyboard in Resources */,
				14902F732BE3E853007A26B9 /* fingerprint.json in Resources */,
				1422168C2BED7699000AB5CD /* ResetBiometricData.storyboard in Resources */,
				14902F362BDFF2CF007A26B9 /* Assets.xcassets in Resources */,
				144A0C862C25D1A500A4E7AA /* VersionInformation.storyboard in Resources */,
				1436CCC92CC98FD8006C3D2C /* FingerprintEnrollmentTutorial.storyboard in Resources */,
				1436CCE62CD29E0C006C3D2C /* CheckmarkAnimation.json in Resources */,
				1469CFE72CA47AE1008B57AC /* GetCardStatus.storyboard in Resources */,
				1436CCE82CD2ADA6006C3D2C /* ding.wav in Resources */,
				14902F642BE3DE90007A26B9 /* FingerprintEnrollment.storyboard in Resources */,
				1469CFDF2CA47766008B57AC /* Localizable.strings in Resources */,
				1436CCCD2CC9918A006C3D2C /* Final_SentryCard.json in Resources */,
				14902F722BE3E853007A26B9 /* attach_card.json in Resources */,
				14E228AA2C6BB1FC00B9D842 /* finger_position.json in Resources */,
				14E774112BE579C70046D1E5 /* Settings.bundle in Resources */,
			);
			runOnlyForDeploymentPostprocessing = 0;
		};
/* End PBXResourcesBuildPhase section */

/* Begin PBXSourcesBuildPhase section */
		14902F252BDFF2CD007A26B9 /* Sources */ = {
			isa = PBXSourcesBuildPhase;
			buildActionMask = 2147483647;
			files = (
				1422168E2BED76A7000AB5CD /* ResetBiometricDataViewController.swift in Sources */,
				144A0C882C25F66F00A4E7AA /* VersionInformationViewController.swift in Sources */,
				1469CFED2CA47BB7008B57AC /* String+Additions.swift in Sources */,
				14902F312BDFF2CD007A26B9 /* GetCardStatusViewController.swift in Sources */,
				14E7740F2BE579040046D1E5 /* AppSettings.swift in Sources */,
				14902F2D2BDFF2CD007A26B9 /* AppDelegate.swift in Sources */,
				14902F682BE3DEC3007A26B9 /* FingerprintEnrollmentViewController.swift in Sources */,
				1436CCCB2CC98FE8006C3D2C /* FingerprintEnrollmentTutorialViewController.swift in Sources */,
				14902F2F2BDFF2CD007A26B9 /* SceneDelegate.swift in Sources */,
				1436CCBE2CC7EA50006C3D2C /* UIFancyButton.swift in Sources */,
				14902F6A2BE3DED2007A26B9 /* FingerprintVerificationViewController.swift in Sources */,
				14902F622BE3D008007A26B9 /* NFCReaderError+LocalizedError.swift in Sources */,
				14B73D612BEAC3C800AE9CA7 /* BiometricsSDKError+LocalizedDescription.swift in Sources */,
				144A0C842C25CE3F00A4E7AA /* OptionsViewController.swift in Sources */,
			);
			runOnlyForDeploymentPostprocessing = 0;
		};
/* End PBXSourcesBuildPhase section */

/* Begin PBXVariantGroup section */
		1469CFDD2CA47766008B57AC /* Localizable.strings */ = {
			isa = PBXVariantGroup;
			children = (
				1469CFDE2CA47766008B57AC /* en */,
				1469CFE52CA477C7008B57AC /* es */,
			);
			name = Localizable.strings;
			sourceTree = "<group>";
		};
/* End PBXVariantGroup section */

/* Begin XCBuildConfiguration section */
		14902F3B2BDFF2CF007A26B9 /* Debug */ = {
			isa = XCBuildConfiguration;
			buildSettings = {
				ALWAYS_SEARCH_USER_PATHS = NO;
				ASSETCATALOG_COMPILER_GENERATE_SWIFT_ASSET_SYMBOL_EXTENSIONS = YES;
				CLANG_ANALYZER_LOCALIZABILITY_NONLOCALIZED = YES;
				CLANG_ANALYZER_NONNULL = YES;
				CLANG_ANALYZER_NUMBER_OBJECT_CONVERSION = YES_AGGRESSIVE;
				CLANG_CXX_LANGUAGE_STANDARD = "gnu++20";
				CLANG_ENABLE_MODULES = YES;
				CLANG_ENABLE_OBJC_ARC = YES;
				CLANG_ENABLE_OBJC_WEAK = YES;
				CLANG_WARN_BLOCK_CAPTURE_AUTORELEASING = YES;
				CLANG_WARN_BOOL_CONVERSION = YES;
				CLANG_WARN_COMMA = YES;
				CLANG_WARN_CONSTANT_CONVERSION = YES;
				CLANG_WARN_DEPRECATED_OBJC_IMPLEMENTATIONS = YES;
				CLANG_WARN_DIRECT_OBJC_ISA_USAGE = YES_ERROR;
				CLANG_WARN_DOCUMENTATION_COMMENTS = YES;
				CLANG_WARN_EMPTY_BODY = YES;
				CLANG_WARN_ENUM_CONVERSION = YES;
				CLANG_WARN_INFINITE_RECURSION = YES;
				CLANG_WARN_INT_CONVERSION = YES;
				CLANG_WARN_NON_LITERAL_NULL_CONVERSION = YES;
				CLANG_WARN_OBJC_IMPLICIT_RETAIN_SELF = YES;
				CLANG_WARN_OBJC_LITERAL_CONVERSION = YES;
				CLANG_WARN_OBJC_ROOT_CLASS = YES_ERROR;
				CLANG_WARN_QUOTED_INCLUDE_IN_FRAMEWORK_HEADER = YES;
				CLANG_WARN_RANGE_LOOP_ANALYSIS = YES;
				CLANG_WARN_STRICT_PROTOTYPES = YES;
				CLANG_WARN_SUSPICIOUS_MOVE = YES;
				CLANG_WARN_UNGUARDED_AVAILABILITY = YES_AGGRESSIVE;
				CLANG_WARN_UNREACHABLE_CODE = YES;
				CLANG_WARN__DUPLICATE_METHOD_MATCH = YES;
				COPY_PHASE_STRIP = NO;
				DEBUG_INFORMATION_FORMAT = dwarf;
				ENABLE_STRICT_OBJC_MSGSEND = YES;
				ENABLE_TESTABILITY = YES;
				ENABLE_USER_SCRIPT_SANDBOXING = YES;
				GCC_C_LANGUAGE_STANDARD = gnu17;
				GCC_DYNAMIC_NO_PIC = NO;
				GCC_NO_COMMON_BLOCKS = YES;
				GCC_OPTIMIZATION_LEVEL = 0;
				GCC_PREPROCESSOR_DEFINITIONS = (
					"DEBUG=1",
					"$(inherited)",
				);
				GCC_WARN_64_TO_32_BIT_CONVERSION = YES;
				GCC_WARN_ABOUT_RETURN_TYPE = YES_ERROR;
				GCC_WARN_UNDECLARED_SELECTOR = YES;
				GCC_WARN_UNINITIALIZED_AUTOS = YES_AGGRESSIVE;
				GCC_WARN_UNUSED_FUNCTION = YES;
				GCC_WARN_UNUSED_VARIABLE = YES;
				IPHONEOS_DEPLOYMENT_TARGET = 17.2;
				LOCALIZATION_PREFERS_STRING_CATALOGS = YES;
				MTL_ENABLE_DEBUG_INFO = INCLUDE_SOURCE;
				MTL_FAST_MATH = YES;
				ONLY_ACTIVE_ARCH = YES;
				SDKROOT = iphoneos;
				SWIFT_ACTIVE_COMPILATION_CONDITIONS = "DEBUG $(inherited)";
				SWIFT_OPTIMIZATION_LEVEL = "-Onone";
			};
			name = Debug;
		};
		14902F3C2BDFF2CF007A26B9 /* Release */ = {
			isa = XCBuildConfiguration;
			buildSettings = {
				ALWAYS_SEARCH_USER_PATHS = NO;
				ASSETCATALOG_COMPILER_GENERATE_SWIFT_ASSET_SYMBOL_EXTENSIONS = YES;
				CLANG_ANALYZER_LOCALIZABILITY_NONLOCALIZED = YES;
				CLANG_ANALYZER_NONNULL = YES;
				CLANG_ANALYZER_NUMBER_OBJECT_CONVERSION = YES_AGGRESSIVE;
				CLANG_CXX_LANGUAGE_STANDARD = "gnu++20";
				CLANG_ENABLE_MODULES = YES;
				CLANG_ENABLE_OBJC_ARC = YES;
				CLANG_ENABLE_OBJC_WEAK = YES;
				CLANG_WARN_BLOCK_CAPTURE_AUTORELEASING = YES;
				CLANG_WARN_BOOL_CONVERSION = YES;
				CLANG_WARN_COMMA = YES;
				CLANG_WARN_CONSTANT_CONVERSION = YES;
				CLANG_WARN_DEPRECATED_OBJC_IMPLEMENTATIONS = YES;
				CLANG_WARN_DIRECT_OBJC_ISA_USAGE = YES_ERROR;
				CLANG_WARN_DOCUMENTATION_COMMENTS = YES;
				CLANG_WARN_EMPTY_BODY = YES;
				CLANG_WARN_ENUM_CONVERSION = YES;
				CLANG_WARN_INFINITE_RECURSION = YES;
				CLANG_WARN_INT_CONVERSION = YES;
				CLANG_WARN_NON_LITERAL_NULL_CONVERSION = YES;
				CLANG_WARN_OBJC_IMPLICIT_RETAIN_SELF = YES;
				CLANG_WARN_OBJC_LITERAL_CONVERSION = YES;
				CLANG_WARN_OBJC_ROOT_CLASS = YES_ERROR;
				CLANG_WARN_QUOTED_INCLUDE_IN_FRAMEWORK_HEADER = YES;
				CLANG_WARN_RANGE_LOOP_ANALYSIS = YES;
				CLANG_WARN_STRICT_PROTOTYPES = YES;
				CLANG_WARN_SUSPICIOUS_MOVE = YES;
				CLANG_WARN_UNGUARDED_AVAILABILITY = YES_AGGRESSIVE;
				CLANG_WARN_UNREACHABLE_CODE = YES;
				CLANG_WARN__DUPLICATE_METHOD_MATCH = YES;
				COPY_PHASE_STRIP = NO;
				DEBUG_INFORMATION_FORMAT = "dwarf-with-dsym";
				ENABLE_NS_ASSERTIONS = NO;
				ENABLE_STRICT_OBJC_MSGSEND = YES;
				ENABLE_USER_SCRIPT_SANDBOXING = YES;
				GCC_C_LANGUAGE_STANDARD = gnu17;
				GCC_NO_COMMON_BLOCKS = YES;
				GCC_WARN_64_TO_32_BIT_CONVERSION = YES;
				GCC_WARN_ABOUT_RETURN_TYPE = YES_ERROR;
				GCC_WARN_UNDECLARED_SELECTOR = YES;
				GCC_WARN_UNINITIALIZED_AUTOS = YES_AGGRESSIVE;
				GCC_WARN_UNUSED_FUNCTION = YES;
				GCC_WARN_UNUSED_VARIABLE = YES;
				IPHONEOS_DEPLOYMENT_TARGET = 17.2;
				LOCALIZATION_PREFERS_STRING_CATALOGS = YES;
				MTL_ENABLE_DEBUG_INFO = NO;
				MTL_FAST_MATH = YES;
				SDKROOT = iphoneos;
				SWIFT_COMPILATION_MODE = wholemodule;
				VALIDATE_PRODUCT = YES;
			};
			name = Release;
		};
		14902F3E2BDFF2CF007A26B9 /* Debug */ = {
			isa = XCBuildConfiguration;
			buildSettings = {
				ASSETCATALOG_COMPILER_APPICON_NAME = AppIcon;
				ASSETCATALOG_COMPILER_GLOBAL_ACCENT_COLOR_NAME = AccentColor;
				CODE_SIGN_ENTITLEMENTS = SentryBiometricEnrollAndVerify/App/SentryBiometricEnrollAndVerify.entitlements;
				CODE_SIGN_STYLE = Automatic;
				CURRENT_PROJECT_VERSION = 40;
				DEVELOPMENT_TEAM = G7473D58AM;
				GENERATE_INFOPLIST_FILE = YES;
				INFOPLIST_FILE = SentryBiometricEnrollAndVerify/App/Info.plist;
				INFOPLIST_KEY_CFBundleDisplayName = "SentryCard Enroll";
				INFOPLIST_KEY_LSApplicationCategoryType = "public.app-category.business";
				INFOPLIST_KEY_NFCReaderUsageDescription = "Use NFC to read and write data.";
				INFOPLIST_KEY_UIApplicationSupportsIndirectInputEvents = YES;
				INFOPLIST_KEY_UILaunchStoryboardName = LaunchScreen.storyboard;
				INFOPLIST_KEY_UIMainStoryboardFile = GetCardStatus;
				INFOPLIST_KEY_UISupportedInterfaceOrientations = UIInterfaceOrientationPortrait;
				INFOPLIST_KEY_UISupportedInterfaceOrientations_iPad = "UIInterfaceOrientationLandscapeLeft UIInterfaceOrientationLandscapeRight UIInterfaceOrientationPortrait UIInterfaceOrientationPortraitUpsideDown";
				IPHONEOS_DEPLOYMENT_TARGET = 16.5;
				LD_RUNPATH_SEARCH_PATHS = (
					"$(inherited)",
					"@executable_path/Frameworks",
				);
				MARKETING_VERSION = 1.0.0;
				PRODUCT_BUNDLE_IDENTIFIER = com.sentryenterprises.sentrycardenroll;
				PRODUCT_NAME = "$(TARGET_NAME)";
				SUPPORTED_PLATFORMS = "iphoneos iphonesimulator";
				SUPPORTS_MACCATALYST = NO;
				SUPPORTS_MAC_DESIGNED_FOR_IPHONE_IPAD = NO;
				SUPPORTS_XR_DESIGNED_FOR_IPHONE_IPAD = NO;
				SWIFT_ACTIVE_COMPILATION_CONDITIONS = "DEBUG $(inherited)";
				SWIFT_EMIT_LOC_STRINGS = YES;
				SWIFT_VERSION = 5.0;
				TARGETED_DEVICE_FAMILY = 1;
			};
			name = Debug;
		};
		14902F3F2BDFF2CF007A26B9 /* Release */ = {
			isa = XCBuildConfiguration;
			buildSettings = {
				ASSETCATALOG_COMPILER_APPICON_NAME = AppIcon;
				ASSETCATALOG_COMPILER_GLOBAL_ACCENT_COLOR_NAME = AccentColor;
				CODE_SIGN_ENTITLEMENTS = SentryBiometricEnrollAndVerify/App/SentryBiometricEnrollAndVerify.entitlements;
				CODE_SIGN_STYLE = Automatic;
				CURRENT_PROJECT_VERSION = 40;
				DEVELOPMENT_TEAM = G7473D58AM;
				GENERATE_INFOPLIST_FILE = YES;
				INFOPLIST_FILE = SentryBiometricEnrollAndVerify/App/Info.plist;
				INFOPLIST_KEY_CFBundleDisplayName = "SentryCard Enroll";
				INFOPLIST_KEY_LSApplicationCategoryType = "public.app-category.business";
				INFOPLIST_KEY_NFCReaderUsageDescription = "Use NFC to read and write data.";
				INFOPLIST_KEY_UIApplicationSupportsIndirectInputEvents = YES;
				INFOPLIST_KEY_UILaunchStoryboardName = LaunchScreen.storyboard;
				INFOPLIST_KEY_UIMainStoryboardFile = GetCardStatus;
				INFOPLIST_KEY_UISupportedInterfaceOrientations = UIInterfaceOrientationPortrait;
				INFOPLIST_KEY_UISupportedInterfaceOrientations_iPad = "UIInterfaceOrientationLandscapeLeft UIInterfaceOrientationLandscapeRight UIInterfaceOrientationPortrait UIInterfaceOrientationPortraitUpsideDown";
				IPHONEOS_DEPLOYMENT_TARGET = 16.5;
				LD_RUNPATH_SEARCH_PATHS = (
					"$(inherited)",
					"@executable_path/Frameworks",
				);
				MARKETING_VERSION = 1.0.0;
				PRODUCT_BUNDLE_IDENTIFIER = com.sentryenterprises.sentrycardenroll;
				PRODUCT_NAME = "$(TARGET_NAME)";
				SUPPORTED_PLATFORMS = "iphoneos iphonesimulator";
				SUPPORTS_MACCATALYST = NO;
				SUPPORTS_MAC_DESIGNED_FOR_IPHONE_IPAD = NO;
				SUPPORTS_XR_DESIGNED_FOR_IPHONE_IPAD = NO;
				SWIFT_ACTIVE_COMPILATION_CONDITIONS = "";
				SWIFT_EMIT_LOC_STRINGS = YES;
				SWIFT_VERSION = 5.0;
				TARGETED_DEVICE_FAMILY = 1;
			};
			name = Release;
		};
/* End XCBuildConfiguration section */

/* Begin XCConfigurationList section */
		14902F242BDFF2CD007A26B9 /* Build configuration list for PBXProject "SentryBiometricEnrollAndVerify" */ = {
			isa = XCConfigurationList;
			buildConfigurations = (
				14902F3B2BDFF2CF007A26B9 /* Debug */,
				14902F3C2BDFF2CF007A26B9 /* Release */,
			);
			defaultConfigurationIsVisible = 0;
			defaultConfigurationName = Release;
		};
		14902F3D2BDFF2CF007A26B9 /* Build configuration list for PBXNativeTarget "SentryCardEnroll" */ = {
			isa = XCConfigurationList;
			buildConfigurations = (
				14902F3E2BDFF2CF007A26B9 /* Debug */,
				14902F3F2BDFF2CF007A26B9 /* Release */,
			);
			defaultConfigurationIsVisible = 0;
			defaultConfigurationName = Release;
		};
/* End XCConfigurationList section */

/* Begin XCRemoteSwiftPackageReference section */
		144A0C892C29E29A00A4E7AA /* XCRemoteSwiftPackageReference "sentry-sdk-biometrics-ios" */ = {
			isa = XCRemoteSwiftPackageReference;
			repositoryURL = "https://github.com/SentryEnterprises/sentry-sdk-biometrics-ios.git";
			requirement = {
				branch = "feature/two-finger-support";
				kind = branch;
			};
		};
		14902F442BDFF79C007A26B9 /* XCRemoteSwiftPackageReference "lottie-spm" */ = {
			isa = XCRemoteSwiftPackageReference;
			repositoryURL = "https://github.com/airbnb/lottie-spm.git";
			requirement = {
				kind = upToNextMajorVersion;
				minimumVersion = 4.4.3;
			};
		};
/* End XCRemoteSwiftPackageReference section */

/* Begin XCSwiftPackageProductDependency section */
		144A0C8A2C29E29A00A4E7AA /* SentrySDK */ = {
			isa = XCSwiftPackageProductDependency;
			package = 144A0C892C29E29A00A4E7AA /* XCRemoteSwiftPackageReference "sentry-sdk-biometrics-ios" */;
			productName = SentrySDK;
		};
		14902F452BDFF79C007A26B9 /* Lottie */ = {
			isa = XCSwiftPackageProductDependency;
			package = 14902F442BDFF79C007A26B9 /* XCRemoteSwiftPackageReference "lottie-spm" */;
			productName = Lottie;
		};
/* End XCSwiftPackageProductDependency section */
	};
	rootObject = 14902F212BDFF2CD007A26B9 /* Project object */;
}
