{
  "originHash" : "c8a5733bde52979dc8ca09655744bd0a2a40f079dd1e3834f013e4b8e3cec7d6",
  "pins" : [
    {
      "identity" : "cryptonets-ios-sdk",
      "kind" : "remoteSourceControl",
      "location" : "https://github.com/prividentity/cryptonets-ios-sdk",
      "state" : {
        "branch" : "main",
        "revision" : "bcc3e4c87cc1595c3c3bd5bad63167a5cd081219"
      }
    },
    {
      "identity" : "lottie-spm",
      "kind" : "remoteSourceControl",
      "location" : "https://github.com/airbnb/lottie-spm.git",
      "state" : {
        "revision" : "1d29eccc24cc8b75bff9f6804155112c0ffc9605",
        "version" : "4.4.3"
      }
    },
    {
      "identity" : "sentry-api-security",
      "kind" : "remoteSourceControl",
      "location" : "https://github.com/SentryEnterprises/sentry-api-security",
      "state" : {
        "branch" : "main",
        "revision" : "2df333517f674fe82d8ed67fce7e108c16ba9b4f"
      }
    },
    {
      "identity" : "sentry-sdk-biometrics-ios",
      "kind" : "remoteSourceControl",
      "location" : "https://github.com/SentryEnterprises/sentry-sdk-biometrics-ios.git",
      "state" : {
        "branch" : "feature/secure-channel",
        "revision" : "5df07be05ff757669775ce305acbd9f4c16c104a"
      }
    }
  ],
  "version" : 3
}
