{
  "originHash" : "ae2588e3707eedeedc5584f6ef9b39fbbaf498f427a0d30b41419d42b4e10694",
  "pins" : [
    {
      "identity" : "lottie-spm",
      "kind" : "remoteSourceControl",
      "location" : "https://github.com/airbnb/lottie-spm.git",
      "state" : {
        "revision" : "1d29eccc24cc8b75bff9f6804155112c0ffc9605",
        "version" : "4.4.3"
      }
    },
    {
      "identity" : "sentry-api-security",
      "kind" : "remoteSourceControl",
      "location" : "https://github.com/SentryEnterprises/sentry-api-security",
      "state" : {
        "branch" : "main",
        "revision" : "2df333517f674fe82d8ed67fce7e108c16ba9b4f"
      }
    },
    {
      "identity" : "sentry-sdk-biometrics-ios",
      "kind" : "remoteSourceControl",
      "location" : "https://github.com/SentryEnterprises/sentry-sdk-biometrics-ios.git",
      "state" : {
        "branch" : "development",
        "revision" : "7295e45c1235c3cb6bf447a4794fd84a2b1ea12f"
      }
    }
  ],
  "version" : 3
}
